// !$*UTF8*$!
{
	archiveVersion = 1;
	classes = {
	};
	objectVersion = 50;
	objects = {

/* Begin PBXBuildFile section */
		EE509A702339EE70000ED814 /* main.c in Sources */ = {isa = PBXBuildFile; fileRef = EE509A6F2339EE70000ED814 /* main.c */; };
		EE509A7C2339F289000ED814 /* Baekjoon1000.c in Sources */ = {isa = PBXBuildFile; fileRef = EE509A7B2339F289000ED814 /* Baekjoon1000.c */; };
		EE509A802339FD7B000ED814 /* Baekjoon10430.c in Sources */ = {isa = PBXBuildFile; fileRef = EE509A7F2339FD7B000ED814 /* Baekjoon10430.c */; };
		EE509A84233A223A000ED814 /* Baekjoon2884.c in Sources */ = {isa = PBXBuildFile; fileRef = EE509A83233A223A000ED814 /* Baekjoon2884.c */; };
/* End PBXBuildFile section */

/* Begin PBXCopyFilesBuildPhase section */
		EE509A6A2339EE70000ED814 /* CopyFiles */ = {
			isa = PBXCopyFilesBuildPhase;
			buildActionMask = 2147483647;
			dstPath = /usr/share/man/man1/;
			dstSubfolderSpec = 0;
			files = (
			);
			runOnlyForDeploymentPostprocessing = 1;
		};
/* End PBXCopyFilesBuildPhase section */

/* Begin PBXFileReference section */
		EE509A6C2339EE70000ED814 /* Algorithm */ = {isa = PBXFileReference; explicitFileType = "compiled.mach-o.executable"; includeInIndex = 0; path = Algorithm; sourceTree = BUILT_PRODUCTS_DIR; };
		EE509A6F2339EE70000ED814 /* main.c */ = {isa = PBXFileReference; lastKnownFileType = sourcecode.c.c; path = main.c; sourceTree = "<group>"; };
		EE509A7A2339F289000ED814 /* Baekjoon1000.h */ = {isa = PBXFileReference; lastKnownFileType = sourcecode.c.h; path = Baekjoon1000.h; sourceTree = "<group>"; };
		EE509A7B2339F289000ED814 /* Baekjoon1000.c */ = {isa = PBXFileReference; lastKnownFileType = sourcecode.c.c; path = Baekjoon1000.c; sourceTree = "<group>"; };
		EE509A7E2339FD7B000ED814 /* Baekjoon10430.h */ = {isa = PBXFileReference; lastKnownFileType = sourcecode.c.h; path = Baekjoon10430.h; sourceTree = "<group>"; };
		EE509A7F2339FD7B000ED814 /* Baekjoon10430.c */ = {isa = PBXFileReference; lastKnownFileType = sourcecode.c.c; path = Baekjoon10430.c; sourceTree = "<group>"; };
		EE509A82233A223A000ED814 /* Baekjoon2884.h */ = {isa = PBXFileReference; lastKnownFileType = sourcecode.c.h; path = Baekjoon2884.h; sourceTree = "<group>"; };
		EE509A83233A223A000ED814 /* Baekjoon2884.c */ = {isa = PBXFileReference; lastKnownFileType = sourcecode.c.c; path = Baekjoon2884.c; sourceTree = "<group>"; };
/* End PBXFileReference section */

/* Begin PBXFrameworksBuildPhase section */
		EE509A692339EE70000ED814 /* Frameworks */ = {
			isa = PBXFrameworksBuildPhase;
			buildActionMask = 2147483647;
			files = (
			);
			runOnlyForDeploymentPostprocessing = 0;
		};
/* End PBXFrameworksBuildPhase section */

/* Begin PBXGroup section */
		EE509A632339EE70000ED814 = {
			isa = PBXGroup;
			children = (
				EE509A6E2339EE70000ED814 /* Algorithm */,
				EE509A6D2339EE70000ED814 /* Products */,
			);
			sourceTree = "<group>";
		};
		EE509A6D2339EE70000ED814 /* Products */ = {
			isa = PBXGroup;
			children = (
				EE509A6C2339EE70000ED814 /* Algorithm */,
			);
			name = Products;
			sourceTree = "<group>";
		};
		EE509A6E2339EE70000ED814 /* Algorithm */ = {
			isa = PBXGroup;
			children = (
				EE509A81233A0774000ED814 /* Baekjoon2884 */,
				EE509A7D2339FD5B000ED814 /* Baekjoon10430 */,
				EE509A792339EFC9000ED814 /* Baekjoon1000 */,
				EE509A6F2339EE70000ED814 /* main.c */,
			);
			path = Algorithm;
			sourceTree = "<group>";
		};
		EE509A792339EFC9000ED814 /* Baekjoon1000 */ = {
			isa = PBXGroup;
			children = (
				EE509A7A2339F289000ED814 /* Baekjoon1000.h */,
				EE509A7B2339F289000ED814 /* Baekjoon1000.c */,
			);
			path = Baekjoon1000;
			sourceTree = "<group>";
		};
		EE509A7D2339FD5B000ED814 /* Baekjoon10430 */ = {
			isa = PBXGroup;
			children = (
				EE509A7E2339FD7B000ED814 /* Baekjoon10430.h */,
				EE509A7F2339FD7B000ED814 /* Baekjoon10430.c */,
			);
			path = Baekjoon10430;
			sourceTree = "<group>";
		};
		EE509A81233A0774000ED814 /* Baekjoon2884 */ = {
			isa = PBXGroup;
			children = (
				EE509A82233A223A000ED814 /* Baekjoon2884.h */,
				EE509A83233A223A000ED814 /* Baekjoon2884.c */,
			);
			path = Baekjoon2884;
			sourceTree = "<group>";
		};
/* End PBXGroup section */

/* Begin PBXNativeTarget section */
		EE509A6B2339EE70000ED814 /* Algorithm */ = {
			isa = PBXNativeTarget;
			buildConfigurationList = EE509A732339EE70000ED814 /* Build configuration list for PBXNativeTarget "Algorithm" */;
			buildPhases = (
				EE509A682339EE70000ED814 /* Sources */,
				EE509A692339EE70000ED814 /* Frameworks */,
				EE509A6A2339EE70000ED814 /* CopyFiles */,
			);
			buildRules = (
			);
			dependencies = (
			);
			name = Algorithm;
			productName = Algorithm;
			productReference = EE509A6C2339EE70000ED814 /* Algorithm */;
			productType = "com.apple.product-type.tool";
		};
/* End PBXNativeTarget section */

/* Begin PBXProject section */
		EE509A642339EE70000ED814 /* Project object */ = {
			isa = PBXProject;
			attributes = {
				LastUpgradeCheck = 1030;
				ORGANIZATIONNAME = hryang;
				TargetAttributes = {
					EE509A6B2339EE70000ED814 = {
						CreatedOnToolsVersion = 10.3;
					};
				};
			};
			buildConfigurationList = EE509A672339EE70000ED814 /* Build configuration list for PBXProject "Algorithm" */;
			compatibilityVersion = "Xcode 9.3";
			developmentRegion = en;
			hasScannedForEncodings = 0;
			knownRegions = (
				en,
			);
			mainGroup = EE509A632339EE70000ED814;
			productRefGroup = EE509A6D2339EE70000ED814 /* Products */;
			projectDirPath = "";
			projectRoot = "";
			targets = (
				EE509A6B2339EE70000ED814 /* Algorithm */,
			);
		};
/* End PBXProject section */

/* Begin PBXSourcesBuildPhase section */
		EE509A682339EE70000ED814 /* Sources */ = {
			isa = PBXSourcesBuildPhase;
			buildActionMask = 2147483647;
			files = (
				EE509A702339EE70000ED814 /* main.c in Sources */,
				EE509A802339FD7B000ED814 /* Baekjoon10430.c in Sources */,
				EE509A84233A223A000ED814 /* Baekjoon2884.c in Sources */,
				EE509A7C2339F289000ED814 /* Baekjoon1000.c in Sources */,
			);
			runOnlyForDeploymentPostprocessing = 0;
		};
/* End PBXSourcesBuildPhase section */

/* Begin XCBuildConfiguration section */
		EE509A712339EE70000ED814 /* Debug */ = {
			isa = XCBuildConfiguration;
			buildSettings = {
				ALWAYS_SEARCH_USER_PATHS = NO;
				CLANG_ANALYZER_NONNULL = YES;
				CLANG_ANALYZER_NUMBER_OBJECT_CONVERSION = YES_AGGRESSIVE;
				CLANG_CXX_LANGUAGE_STANDARD = "gnu++14";
				CLANG_CXX_LIBRARY = "libc++";
				CLANG_ENABLE_MODULES = YES;
				CLANG_ENABLE_OBJC_ARC = YES;
				CLANG_ENABLE_OBJC_WEAK = YES;
				CLANG_WARN_BLOCK_CAPTURE_AUTORELEASING = YES;
				CLANG_WARN_BOOL_CONVERSION = YES;
				CLANG_WARN_COMMA = YES;
				CLANG_WARN_CONSTANT_CONVERSION = YES;
				CLANG_WARN_DEPRECATED_OBJC_IMPLEMENTATIONS = YES;
				CLANG_WARN_DIRECT_OBJC_ISA_USAGE = YES_ERROR;
				CLANG_WARN_DOCUMENTATION_COMMENTS = YES;
				CLANG_WARN_EMPTY_BODY = YES;
				CLANG_WARN_ENUM_CONVERSION = YES;
				CLANG_WARN_INFINITE_RECURSION = YES;
				CLANG_WARN_INT_CONVERSION = YES;
				CLANG_WARN_NON_LITERAL_NULL_CONVERSION = YES;
				CLANG_WARN_OBJC_IMPLICIT_RETAIN_SELF = YES;
				CLANG_WARN_OBJC_LITERAL_CONVERSION = YES;
				CLANG_WARN_OBJC_ROOT_CLASS = YES_ERROR;
				CLANG_WARN_RANGE_LOOP_ANALYSIS = YES;
				CLANG_WARN_STRICT_PROTOTYPES = YES;
				CLANG_WARN_SUSPICIOUS_MOVE = YES;
				CLANG_WARN_UNGUARDED_AVAILABILITY = YES_AGGRESSIVE;
				CLANG_WARN_UNREACHABLE_CODE = YES;
				CLANG_WARN__DUPLICATE_METHOD_MATCH = YES;
				CODE_SIGN_IDENTITY = "Mac Developer";
				COPY_PHASE_STRIP = NO;
				DEBUG_INFORMATION_FORMAT = dwarf;
				ENABLE_STRICT_OBJC_MSGSEND = YES;
				ENABLE_TESTABILITY = YES;
				GCC_C_LANGUAGE_STANDARD = gnu11;
				GCC_DYNAMIC_NO_PIC = NO;
				GCC_NO_COMMON_BLOCKS = YES;
				GCC_OPTIMIZATION_LEVEL = 0;
				GCC_PREPROCESSOR_DEFINITIONS = (
					"DEBUG=1",
					"$(inherited)",
				);
				GCC_WARN_64_TO_32_BIT_CONVERSION = YES;
				GCC_WARN_ABOUT_RETURN_TYPE = YES_ERROR;
				GCC_WARN_UNDECLARED_SELECTOR = YES;
				GCC_WARN_UNINITIALIZED_AUTOS = YES_AGGRESSIVE;
				GCC_WARN_UNUSED_FUNCTION = YES;
				GCC_WARN_UNUSED_VARIABLE = YES;
				MACOSX_DEPLOYMENT_TARGET = 10.14;
				MTL_ENABLE_DEBUG_INFO = INCLUDE_SOURCE;
				MTL_FAST_MATH = YES;
				ONLY_ACTIVE_ARCH = YES;
				SDKROOT = macosx;
			};
			name = Debug;
		};
		EE509A722339EE70000ED814 /* Release */ = {
			isa = XCBuildConfiguration;
			buildSettings = {
				ALWAYS_SEARCH_USER_PATHS = NO;
				CLANG_ANALYZER_NONNULL = YES;
				CLANG_ANALYZER_NUMBER_OBJECT_CONVERSION = YES_AGGRESSIVE;
				CLANG_CXX_LANGUAGE_STANDARD = "gnu++14";
				CLANG_CXX_LIBRARY = "libc++";
				CLANG_ENABLE_MODULES = YES;
				CLANG_ENABLE_OBJC_ARC = YES;
				CLANG_ENABLE_OBJC_WEAK = YES;
				CLANG_WARN_BLOCK_CAPTURE_AUTORELEASING = YES;
				CLANG_WARN_BOOL_CONVERSION = YES;
				CLANG_WARN_COMMA = YES;
				CLANG_WARN_CONSTANT_CONVERSION = YES;
				CLANG_WARN_DEPRECATED_OBJC_IMPLEMENTATIONS = YES;
				CLANG_WARN_DIRECT_OBJC_ISA_USAGE = YES_ERROR;
				CLANG_WARN_DOCUMENTATION_COMMENTS = YES;
				CLANG_WARN_EMPTY_BODY = YES;
				CLANG_WARN_ENUM_CONVERSION = YES;
				CLANG_WARN_INFINITE_RECURSION = YES;
				CLANG_WARN_INT_CONVERSION = YES;
				CLANG_WARN_NON_LITERAL_NULL_CONVERSION = YES;
				CLANG_WARN_OBJC_IMPLICIT_RETAIN_SELF = YES;
				CLANG_WARN_OBJC_LITERAL_CONVERSION = YES;
				CLANG_WARN_OBJC_ROOT_CLASS = YES_ERROR;
				CLANG_WARN_RANGE_LOOP_ANALYSIS = YES;
				CLANG_WARN_STRICT_PROTOTYPES = YES;
				CLANG_WARN_SUSPICIOUS_MOVE = YES;
				CLANG_WARN_UNGUARDED_AVAILABILITY = YES_AGGRESSIVE;
				CLANG_WARN_UNREACHABLE_CODE = YES;
				CLANG_WARN__DUPLICATE_METHOD_MATCH = YES;
				CODE_SIGN_IDENTITY = "Mac Developer";
				COPY_PHASE_STRIP = NO;
				DEBUG_INFORMATION_FORMAT = "dwarf-with-dsym";
				ENABLE_NS_ASSERTIONS = NO;
				ENABLE_STRICT_OBJC_MSGSEND = YES;
				GCC_C_LANGUAGE_STANDARD = gnu11;
				GCC_NO_COMMON_BLOCKS = YES;
				GCC_WARN_64_TO_32_BIT_CONVERSION = YES;
				GCC_WARN_ABOUT_RETURN_TYPE = YES_ERROR;
				GCC_WARN_UNDECLARED_SELECTOR = YES;
				GCC_WARN_UNINITIALIZED_AUTOS = YES_AGGRESSIVE;
				GCC_WARN_UNUSED_FUNCTION = YES;
				GCC_WARN_UNUSED_VARIABLE = YES;
				MACOSX_DEPLOYMENT_TARGET = 10.14;
				MTL_ENABLE_DEBUG_INFO = NO;
				MTL_FAST_MATH = YES;
				SDKROOT = macosx;
			};
			name = Release;
		};
		EE509A742339EE70000ED814 /* Debug */ = {
			isa = XCBuildConfiguration;
			buildSettings = {
				CODE_SIGN_STYLE = Automatic;
				DEVELOPMENT_TEAM = GQ2YK62N76;
				PRODUCT_NAME = "$(TARGET_NAME)";
			};
			name = Debug;
		};
		EE509A752339EE70000ED814 /* Release */ = {
			isa = XCBuildConfiguration;
			buildSettings = {
				CODE_SIGN_STYLE = Automatic;
				DEVELOPMENT_TEAM = GQ2YK62N76;
				PRODUCT_NAME = "$(TARGET_NAME)";
			};
			name = Release;
		};
/* End XCBuildConfiguration section */

/* Begin XCConfigurationList section */
		EE509A672339EE70000ED814 /* Build configuration list for PBXProject "Algorithm" */ = {
			isa = XCConfigurationList;
			buildConfigurations = (
				EE509A712339EE70000ED814 /* Debug */,
				EE509A722339EE70000ED814 /* Release */,
			);
			defaultConfigurationIsVisible = 0;
			defaultConfigurationName = Release;
		};
		EE509A732339EE70000ED814 /* Build configuration list for PBXNativeTarget "Algorithm" */ = {
			isa = XCConfigurationList;
			buildConfigurations = (
				EE509A742339EE70000ED814 /* Debug */,
				EE509A752339EE70000ED814 /* Release */,
			);
			defaultConfigurationIsVisible = 0;
			defaultConfigurationName = Release;
		};
/* End XCConfigurationList section */
	};
	rootObject = EE509A642339EE70000ED814 /* Project object */;
}
